
Microsoft Visual Studio Solution File, Format Version 12.00
# Visual Studio Version 17
VisualStudioVersion = 17.7.34018.315
MinimumVisualStudioVersion = 10.0.40219.1
Project("{9A19103F-16F7-4668-BE54-9A1E7A4F7556}") = "CompanyEmployees", "CompanyEmployees\CompanyEmployees.csproj", "{89407B98-D117-42C0-91C2-473505D2D947}"
	ProjectSection(ProjectDependencies) = postProject
		{10282A1F-94D9-4146-A5C4-2B62A92BCD9F} = {10282A1F-94D9-4146-A5C4-2B62A92BCD9F}
		{C9AA98FD-F0EC-494A-9335-F2EE5998E063} = {C9AA98FD-F0EC-494A-9335-F2EE5998E063}
	EndProjectSection
EndProject
Project("{9A19103F-16F7-4668-BE54-9A1E7A4F7556}") = "Contracts", "Contracts\Contracts.csproj", "{6E122B91-E4B8-49AB-AD4A-6FBC6B1E471E}"
	ProjectSection(ProjectDependencies) = postProject
		{3B129712-8F91-4EC6-998C-9C4C8498581E} = {3B129712-8F91-4EC6-998C-9C4C8498581E}
	EndProjectSection
EndProject
Project("{9A19103F-16F7-4668-BE54-9A1E7A4F7556}") = "LoggerService", "LoggerService\LoggerService.csproj", "{C9AA98FD-F0EC-494A-9335-F2EE5998E063}"
	ProjectSection(ProjectDependencies) = postProject
		{6E122B91-E4B8-49AB-AD4A-6FBC6B1E471E} = {6E122B91-E4B8-49AB-AD4A-6FBC6B1E471E}
	EndProjectSection
EndProject
Project("{9A19103F-16F7-4668-BE54-9A1E7A4F7556}") = "Entities", "Entities\Entities.csproj", "{E646580C-6C06-49FD-AA0F-D1C17E0A69FD}"
	ProjectSection(ProjectDependencies) = postProject
		{3B129712-8F91-4EC6-998C-9C4C8498581E} = {3B129712-8F91-4EC6-998C-9C4C8498581E}
	EndProjectSection
EndProject
Project("{9A19103F-16F7-4668-BE54-9A1E7A4F7556}") = "Repository", "Repository\Repository.csproj", "{10282A1F-94D9-4146-A5C4-2B62A92BCD9F}"
	ProjectSection(ProjectDependencies) = postProject
		{6E122B91-E4B8-49AB-AD4A-6FBC6B1E471E} = {6E122B91-E4B8-49AB-AD4A-6FBC6B1E471E}
		{E646580C-6C06-49FD-AA0F-D1C17E0A69FD} = {E646580C-6C06-49FD-AA0F-D1C17E0A69FD}
	EndProjectSection
EndProject
Project("{9A19103F-16F7-4668-BE54-9A1E7A4F7556}") = "Service.Contracts", "Service.Contracts\Service.Contracts.csproj", "{BAAF0D09-0EE7-477D-B405-CED719C72177}"
	ProjectSection(ProjectDependencies) = postProject
		{3B129712-8F91-4EC6-998C-9C4C8498581E} = {3B129712-8F91-4EC6-998C-9C4C8498581E}
	EndProjectSection
EndProject
Project("{9A19103F-16F7-4668-BE54-9A1E7A4F7556}") = "Service", "Service\Service.csproj", "{7864C1F6-9EAE-4EA4-9082-0B71302C8180}"
	ProjectSection(ProjectDependencies) = postProject
		{6E122B91-E4B8-49AB-AD4A-6FBC6B1E471E} = {6E122B91-E4B8-49AB-AD4A-6FBC6B1E471E}
		{BAAF0D09-0EE7-477D-B405-CED719C72177} = {BAAF0D09-0EE7-477D-B405-CED719C72177}
	EndProjectSection
EndProject
Project("{9A19103F-16F7-4668-BE54-9A1E7A4F7556}") = "CompanyEmployees.Presentation", "CompanyEmployees.Presentation\CompanyEmployees.Presentation.csproj", "{BFF2E4C8-65FB-4AB3-919C-F29A0F1FF08E}"
EndProject
Project("{9A19103F-16F7-4668-BE54-9A1E7A4F7556}") = "Shared", "Shared\Shared.csproj", "{3B129712-8F91-4EC6-998C-9C4C8498581E}"
EndProject
Project("{FAE04EC0-301F-11D3-BF4B-00C04F79EFBC}") = "Application", "Application\Application.csproj", "{12DCCBD6-4398-4918-9EA3-47D01DF7DF7C}"
EndProject
Global
	GlobalSection(SolutionConfigurationPlatforms) = preSolution
		Debug|Any CPU = Debug|Any CPU
		Release|Any CPU = Release|Any CPU
	EndGlobalSection
	GlobalSection(ProjectConfigurationPlatforms) = postSolution
		{89407B98-D117-42C0-91C2-473505D2D947}.Debug|Any CPU.ActiveCfg = Debug|Any CPU
		{89407B98-D117-42C0-91C2-473505D2D947}.Debug|Any CPU.Build.0 = Debug|Any CPU
		{89407B98-D117-42C0-91C2-473505D2D947}.Release|Any CPU.ActiveCfg = Release|Any CPU
		{89407B98-D117-42C0-91C2-473505D2D947}.Release|Any CPU.Build.0 = Release|Any CPU
		{6E122B91-E4B8-49AB-AD4A-6FBC6B1E471E}.Debug|Any CPU.ActiveCfg = Debug|Any CPU
		{6E122B91-E4B8-49AB-AD4A-6FBC6B1E471E}.Debug|Any CPU.Build.0 = Debug|Any CPU
		{6E122B91-E4B8-49AB-AD4A-6FBC6B1E471E}.Release|Any CPU.ActiveCfg = Release|Any CPU
		{6E122B91-E4B8-49AB-AD4A-6FBC6B1E471E}.Release|Any CPU.Build.0 = Release|Any CPU
		{C9AA98FD-F0EC-494A-9335-F2EE5998E063}.Debug|Any CPU.ActiveCfg = Debug|Any CPU
		{C9AA98FD-F0EC-494A-9335-F2EE5998E063}.Debug|Any CPU.Build.0 = Debug|Any CPU
		{C9AA98FD-F0EC-494A-9335-F2EE5998E063}.Release|Any CPU.ActiveCfg = Release|Any CPU
		{C9AA98FD-F0EC-494A-9335-F2EE5998E063}.Release|Any CPU.Build.0 = Release|Any CPU
		{E646580C-6C06-49FD-AA0F-D1C17E0A69FD}.Debug|Any CPU.ActiveCfg = Debug|Any CPU
		{E646580C-6C06-49FD-AA0F-D1C17E0A69FD}.Debug|Any CPU.Build.0 = Debug|Any CPU
		{E646580C-6C06-49FD-AA0F-D1C17E0A69FD}.Release|Any CPU.ActiveCfg = Release|Any CPU
		{E646580C-6C06-49FD-AA0F-D1C17E0A69FD}.Release|Any CPU.Build.0 = Release|Any CPU
		{10282A1F-94D9-4146-A5C4-2B62A92BCD9F}.Debug|Any CPU.ActiveCfg = Debug|Any CPU
		{10282A1F-94D9-4146-A5C4-2B62A92BCD9F}.Debug|Any CPU.Build.0 = Debug|Any CPU
		{10282A1F-94D9-4146-A5C4-2B62A92BCD9F}.Release|Any CPU.ActiveCfg = Release|Any CPU
		{10282A1F-94D9-4146-A5C4-2B62A92BCD9F}.Release|Any CPU.Build.0 = Release|Any CPU
		{BAAF0D09-0EE7-477D-B405-CED719C72177}.Debug|Any CPU.ActiveCfg = Debug|Any CPU
		{BAAF0D09-0EE7-477D-B405-CED719C72177}.Debug|Any CPU.Build.0 = Debug|Any CPU
		{BAAF0D09-0EE7-477D-B405-CED719C72177}.Release|Any CPU.ActiveCfg = Release|Any CPU
		{BAAF0D09-0EE7-477D-B405-CED719C72177}.Release|Any CPU.Build.0 = Release|Any CPU
		{7864C1F6-9EAE-4EA4-9082-0B71302C8180}.Debug|Any CPU.ActiveCfg = Debug|Any CPU
		{7864C1F6-9EAE-4EA4-9082-0B71302C8180}.Debug|Any CPU.Build.0 = Debug|Any CPU
		{7864C1F6-9EAE-4EA4-9082-0B71302C8180}.Release|Any CPU.ActiveCfg = Release|Any CPU
		{7864C1F6-9EAE-4EA4-9082-0B71302C8180}.Release|Any CPU.Build.0 = Release|Any CPU
		{BFF2E4C8-65FB-4AB3-919C-F29A0F1FF08E}.Debug|Any CPU.ActiveCfg = Debug|Any CPU
		{BFF2E4C8-65FB-4AB3-919C-F29A0F1FF08E}.Debug|Any CPU.Build.0 = Debug|Any CPU
		{BFF2E4C8-65FB-4AB3-919C-F29A0F1FF08E}.Release|Any CPU.ActiveCfg = Release|Any CPU
		{BFF2E4C8-65FB-4AB3-919C-F29A0F1FF08E}.Release|Any CPU.Build.0 = Release|Any CPU
		{3B129712-8F91-4EC6-998C-9C4C8498581E}.Debug|Any CPU.ActiveCfg = Debug|Any CPU
		{3B129712-8F91-4EC6-998C-9C4C8498581E}.Debug|Any CPU.Build.0 = Debug|Any CPU
		{3B129712-8F91-4EC6-998C-9C4C8498581E}.Release|Any CPU.ActiveCfg = Release|Any CPU
		{3B129712-8F91-4EC6-998C-9C4C8498581E}.Release|Any CPU.Build.0 = Release|Any CPU
		{12DCCBD6-4398-4918-9EA3-47D01DF7DF7C}.Debug|Any CPU.ActiveCfg = Debug|Any CPU
		{12DCCBD6-4398-4918-9EA3-47D01DF7DF7C}.Debug|Any CPU.Build.0 = Debug|Any CPU
		{12DCCBD6-4398-4918-9EA3-47D01DF7DF7C}.Release|Any CPU.ActiveCfg = Release|Any CPU
		{12DCCBD6-4398-4918-9EA3-47D01DF7DF7C}.Release|Any CPU.Build.0 = Release|Any CPU
	EndGlobalSection
	GlobalSection(SolutionProperties) = preSolution
		HideSolutionNode = FALSE
	EndGlobalSection
	GlobalSection(ExtensibilityGlobals) = postSolution
		SolutionGuid = {DDA9CDEC-2503-408C-AA2C-EFE0467BB6E6}
	EndGlobalSection
EndGlobal
